// !$*UTF8*$!
{
	archiveVersion = 1;
	classes = {
	};
	objectVersion = 50;
	objects = {

/* Begin PBXBuildFile section */
		4212D5542480EF7600E6D7FC /* AppDelegate.swift in Sources */ = {isa = PBXBuildFile; fileRef = 4212D5532480EF7600E6D7FC /* AppDelegate.swift */; };
		4212D5562480EF7600E6D7FC /* ViewController.swift in Sources */ = {isa = PBXBuildFile; fileRef = 4212D5552480EF7600E6D7FC /* ViewController.swift */; };
		4212D5582480EF7700E6D7FC /* Assets.xcassets in Resources */ = {isa = PBXBuildFile; fileRef = 4212D5572480EF7700E6D7FC /* Assets.xcassets */; };
		4212D55B2480EF7700E6D7FC /* Main.storyboard in Resources */ = {isa = PBXBuildFile; fileRef = 4212D5592480EF7700E6D7FC /* Main.storyboard */; };
		4212D5672480EF7800E6D7FC /* make_windowTests.swift in Sources */ = {isa = PBXBuildFile; fileRef = 4212D5662480EF7800E6D7FC /* make_windowTests.swift */; };
		4212D5722480EF7800E6D7FC /* make_windowUITests.swift in Sources */ = {isa = PBXBuildFile; fileRef = 4212D5712480EF7800E6D7FC /* make_windowUITests.swift */; };
		4212D5802480F54300E6D7FC /* main.swift in Sources */ = {isa = PBXBuildFile; fileRef = 4212D57F2480F54300E6D7FC /* main.swift */; };
/* End PBXBuildFile section */

/* Begin PBXContainerItemProxy section */
		4212D5632480EF7800E6D7FC /* PBXContainerItemProxy */ = {
			isa = PBXContainerItemProxy;
			containerPortal = 4212D5482480EF7600E6D7FC /* Project object */;
			proxyType = 1;
			remoteGlobalIDString = 4212D54F2480EF7600E6D7FC;
			remoteInfo = make_window;
		};
		4212D56E2480EF7800E6D7FC /* PBXContainerItemProxy */ = {
			isa = PBXContainerItemProxy;
			containerPortal = 4212D5482480EF7600E6D7FC /* Project object */;
			proxyType = 1;
			remoteGlobalIDString = 4212D54F2480EF7600E6D7FC;
			remoteInfo = make_window;
		};
/* End PBXContainerItemProxy section */

/* Begin PBXFileReference section */
		4212D5502480EF7600E6D7FC /* make_window.app */ = {isa = PBXFileReference; explicitFileType = wrapper.application; includeInIndex = 0; path = make_window.app; sourceTree = BUILT_PRODUCTS_DIR; };
		4212D5532480EF7600E6D7FC /* AppDelegate.swift */ = {isa = PBXFileReference; lastKnownFileType = sourcecode.swift; path = AppDelegate.swift; sourceTree = "<group>"; };
		4212D5552480EF7600E6D7FC /* ViewController.swift */ = {isa = PBXFileReference; lastKnownFileType = sourcecode.swift; path = ViewController.swift; sourceTree = "<group>"; };
		4212D5572480EF7700E6D7FC /* Assets.xcassets */ = {isa = PBXFileReference; lastKnownFileType = folder.assetcatalog; path = Assets.xcassets; sourceTree = "<group>"; };
		4212D55A2480EF7700E6D7FC /* Base */ = {isa = PBXFileReference; lastKnownFileType = file.storyboard; name = Base; path = Base.lproj/Main.storyboard; sourceTree = "<group>"; };
		4212D55C2480EF7700E6D7FC /* Info.plist */ = {isa = PBXFileReference; lastKnownFileType = text.plist.xml; path = Info.plist; sourceTree = "<group>"; };
		4212D55D2480EF7700E6D7FC /* make_window.entitlements */ = {isa = PBXFileReference; lastKnownFileType = text.plist.entitlements; path = make_window.entitlements; sourceTree = "<group>"; };
		4212D5622480EF7800E6D7FC /* make_windowTests.xctest */ = {isa = PBXFileReference; explicitFileType = wrapper.cfbundle; includeInIndex = 0; path = make_windowTests.xctest; sourceTree = BUILT_PRODUCTS_DIR; };
		4212D5662480EF7800E6D7FC /* make_windowTests.swift */ = {isa = PBXFileReference; lastKnownFileType = sourcecode.swift; path = make_windowTests.swift; sourceTree = "<group>"; };
		4212D5682480EF7800E6D7FC /* Info.plist */ = {isa = PBXFileReference; lastKnownFileType = text.plist.xml; path = Info.plist; sourceTree = "<group>"; };
		4212D56D2480EF7800E6D7FC /* make_windowUITests.xctest */ = {isa = PBXFileReference; explicitFileType = wrapper.cfbundle; includeInIndex = 0; path = make_windowUITests.xctest; sourceTree = BUILT_PRODUCTS_DIR; };
		4212D5712480EF7800E6D7FC /* make_windowUITests.swift */ = {isa = PBXFileReference; lastKnownFileType = sourcecode.swift; path = make_windowUITests.swift; sourceTree = "<group>"; };
		4212D5732480EF7800E6D7FC /* Info.plist */ = {isa = PBXFileReference; lastKnownFileType = text.plist.xml; path = Info.plist; sourceTree = "<group>"; };
		4212D57F2480F54300E6D7FC /* main.swift */ = {isa = PBXFileReference; lastKnownFileType = sourcecode.swift; path = main.swift; sourceTree = "<group>"; };
/* End PBXFileReference section */

/* Begin PBXFrameworksBuildPhase section */
		4212D54D2480EF7600E6D7FC /* Frameworks */ = {
			isa = PBXFrameworksBuildPhase;
			buildActionMask = 2147483647;
			files = (
			);
			runOnlyForDeploymentPostprocessing = 0;
		};
		4212D55F2480EF7800E6D7FC /* Frameworks */ = {
			isa = PBXFrameworksBuildPhase;
			buildActionMask = 2147483647;
			files = (
			);
			runOnlyForDeploymentPostprocessing = 0;
		};
		4212D56A2480EF7800E6D7FC /* Frameworks */ = {
			isa = PBXFrameworksBuildPhase;
			buildActionMask = 2147483647;
			files = (
			);
			runOnlyForDeploymentPostprocessing = 0;
		};
/* End PBXFrameworksBuildPhase section */

/* Begin PBXGroup section */
		4212D5472480EF7600E6D7FC = {
			isa = PBXGroup;
			children = (
				4212D5522480EF7600E6D7FC /* make_window */,
				4212D5652480EF7800E6D7FC /* make_windowTests */,
				4212D5702480EF7800E6D7FC /* make_windowUITests */,
				4212D5512480EF7600E6D7FC /* Products */,
			);
			sourceTree = "<group>";
		};
		4212D5512480EF7600E6D7FC /* Products */ = {
			isa = PBXGroup;
			children = (
				4212D5502480EF7600E6D7FC /* make_window.app */,
				4212D5622480EF7800E6D7FC /* make_windowTests.xctest */,
				4212D56D2480EF7800E6D7FC /* make_windowUITests.xctest */,
			);
			name = Products;
			sourceTree = "<group>";
		};
		4212D5522480EF7600E6D7FC /* make_window */ = {
			isa = PBXGroup;
			children = (
				4212D5532480EF7600E6D7FC /* AppDelegate.swift */,
				4212D5552480EF7600E6D7FC /* ViewController.swift */,
				4212D5572480EF7700E6D7FC /* Assets.xcassets */,
				4212D5592480EF7700E6D7FC /* Main.storyboard */,
				4212D55C2480EF7700E6D7FC /* Info.plist */,
				4212D55D2480EF7700E6D7FC /* make_window.entitlements */,
				4212D57F2480F54300E6D7FC /* main.swift */,
			);
			path = make_window;
			sourceTree = "<group>";
		};
		4212D5652480EF7800E6D7FC /* make_windowTests */ = {
			isa = PBXGroup;
			children = (
				4212D5662480EF7800E6D7FC /* make_windowTests.swift */,
				4212D5682480EF7800E6D7FC /* Info.plist */,
			);
			path = make_windowTests;
			sourceTree = "<group>";
		};
		4212D5702480EF7800E6D7FC /* make_windowUITests */ = {
			isa = PBXGroup;
			children = (
				4212D5712480EF7800E6D7FC /* make_windowUITests.swift */,
				4212D5732480EF7800E6D7FC /* Info.plist */,
			);
			path = make_windowUITests;
			sourceTree = "<group>";
		};
/* End PBXGroup section */

/* Begin PBXNativeTarget section */
		4212D54F2480EF7600E6D7FC /* make_window */ = {
			isa = PBXNativeTarget;
			buildConfigurationList = 4212D5762480EF7800E6D7FC /* Build configuration list for PBXNativeTarget "make_window" */;
			buildPhases = (
				4212D54C2480EF7600E6D7FC /* Sources */,
				4212D54D2480EF7600E6D7FC /* Frameworks */,
				4212D54E2480EF7600E6D7FC /* Resources */,
			);
			buildRules = (
			);
			dependencies = (
			);
			name = make_window;
			productName = make_window;
			productReference = 4212D5502480EF7600E6D7FC /* make_window.app */;
			productType = "com.apple.product-type.application";
		};
		4212D5612480EF7800E6D7FC /* make_windowTests */ = {
			isa = PBXNativeTarget;
			buildConfigurationList = 4212D5792480EF7800E6D7FC /* Build configuration list for PBXNativeTarget "make_windowTests" */;
			buildPhases = (
				4212D55E2480EF7800E6D7FC /* Sources */,
				4212D55F2480EF7800E6D7FC /* Frameworks */,
				4212D5602480EF7800E6D7FC /* Resources */,
			);
			buildRules = (
			);
			dependencies = (
				4212D5642480EF7800E6D7FC /* PBXTargetDependency */,
			);
			name = make_windowTests;
			productName = make_windowTests;
			productReference = 4212D5622480EF7800E6D7FC /* make_windowTests.xctest */;
			productType = "com.apple.product-type.bundle.unit-test";
		};
		4212D56C2480EF7800E6D7FC /* make_windowUITests */ = {
			isa = PBXNativeTarget;
			buildConfigurationList = 4212D57C2480EF7800E6D7FC /* Build configuration list for PBXNativeTarget "make_windowUITests" */;
			buildPhases = (
				4212D5692480EF7800E6D7FC /* Sources */,
				4212D56A2480EF7800E6D7FC /* Frameworks */,
				4212D56B2480EF7800E6D7FC /* Resources */,
			);
			buildRules = (
			);
			dependencies = (
				4212D56F2480EF7800E6D7FC /* PBXTargetDependency */,
			);
			name = make_windowUITests;
			productName = make_windowUITests;
			productReference = 4212D56D2480EF7800E6D7FC /* make_windowUITests.xctest */;
			productType = "com.apple.product-type.bundle.ui-testing";
		};
/* End PBXNativeTarget section */

/* Begin PBXProject section */
		4212D5482480EF7600E6D7FC /* Project object */ = {
			isa = PBXProject;
			attributes = {
				LastSwiftUpdateCheck = 1140;
				LastUpgradeCheck = 1140;
				ORGANIZATIONNAME = "Duhee Lee";
				TargetAttributes = {
					4212D54F2480EF7600E6D7FC = {
						CreatedOnToolsVersion = 11.4;
					};
					4212D5612480EF7800E6D7FC = {
						CreatedOnToolsVersion = 11.4;
						TestTargetID = 4212D54F2480EF7600E6D7FC;
					};
					4212D56C2480EF7800E6D7FC = {
						CreatedOnToolsVersion = 11.4;
						TestTargetID = 4212D54F2480EF7600E6D7FC;
					};
				};
			};
			buildConfigurationList = 4212D54B2480EF7600E6D7FC /* Build configuration list for PBXProject "make_window" */;
			compatibilityVersion = "Xcode 9.3";
			developmentRegion = en;
			hasScannedForEncodings = 0;
			knownRegions = (
				en,
				Base,
			);
			mainGroup = 4212D5472480EF7600E6D7FC;
			productRefGroup = 4212D5512480EF7600E6D7FC /* Products */;
			projectDirPath = "";
			projectRoot = "";
			targets = (
				4212D54F2480EF7600E6D7FC /* make_window */,
				4212D5612480EF7800E6D7FC /* make_windowTests */,
				4212D56C2480EF7800E6D7FC /* make_windowUITests */,
			);
		};
/* End PBXProject section */

/* Begin PBXResourcesBuildPhase section */
		4212D54E2480EF7600E6D7FC /* Resources */ = {
			isa = PBXResourcesBuildPhase;
			buildActionMask = 2147483647;
			files = (
				4212D5582480EF7700E6D7FC /* Assets.xcassets in Resources */,
				4212D55B2480EF7700E6D7FC /* Main.storyboard in Resources */,
			);
			runOnlyForDeploymentPostprocessing = 0;
		};
		4212D5602480EF7800E6D7FC /* Resources */ = {
			isa = PBXResourcesBuildPhase;
			buildActionMask = 2147483647;
			files = (
			);
			runOnlyForDeploymentPostprocessing = 0;
		};
		4212D56B2480EF7800E6D7FC /* Resources */ = {
			isa = PBXResourcesBuildPhase;
			buildActionMask = 2147483647;
			files = (
			);
			runOnlyForDeploymentPostprocessing = 0;
		};
/* End PBXResourcesBuildPhase section */

/* Begin PBXSourcesBuildPhase section */
		4212D54C2480EF7600E6D7FC /* Sources */ = {
			isa = PBXSourcesBuildPhase;
			buildActionMask = 2147483647;
			files = (
				4212D5802480F54300E6D7FC /* main.swift in Sources */,
				4212D5562480EF7600E6D7FC /* ViewController.swift in Sources */,
				4212D5542480EF7600E6D7FC /* AppDelegate.swift in Sources */,
			);
			runOnlyForDeploymentPostprocessing = 0;
		};
		4212D55E2480EF7800E6D7FC /* Sources */ = {
			isa = PBXSourcesBuildPhase;
			buildActionMask = 2147483647;
			files = (
				4212D5672480EF7800E6D7FC /* make_windowTests.swift in Sources */,
			);
			runOnlyForDeploymentPostprocessing = 0;
		};
		4212D5692480EF7800E6D7FC /* Sources */ = {
			isa = PBXSourcesBuildPhase;
			buildActionMask = 2147483647;
			files = (
				4212D5722480EF7800E6D7FC /* make_windowUITests.swift in Sources */,
			);
			runOnlyForDeploymentPostprocessing = 0;
		};
/* End PBXSourcesBuildPhase section */

/* Begin PBXTargetDependency section */
		4212D5642480EF7800E6D7FC /* PBXTargetDependency */ = {
			isa = PBXTargetDependency;
			target = 4212D54F2480EF7600E6D7FC /* make_window */;
			targetProxy = 4212D5632480EF7800E6D7FC /* PBXContainerItemProxy */;
		};
		4212D56F2480EF7800E6D7FC /* PBXTargetDependency */ = {
			isa = PBXTargetDependency;
			target = 4212D54F2480EF7600E6D7FC /* make_window */;
			targetProxy = 4212D56E2480EF7800E6D7FC /* PBXContainerItemProxy */;
		};
/* End PBXTargetDependency section */

/* Begin PBXVariantGroup section */
		4212D5592480EF7700E6D7FC /* Main.storyboard */ = {
			isa = PBXVariantGroup;
			children = (
				4212D55A2480EF7700E6D7FC /* Base */,
			);
			name = Main.storyboard;
			sourceTree = "<group>";
		};
/* End PBXVariantGroup section */

/* Begin XCBuildConfiguration section */
		4212D5742480EF7800E6D7FC /* Debug */ = {
			isa = XCBuildConfiguration;
			buildSettings = {
				ALWAYS_SEARCH_USER_PATHS = NO;
				CLANG_ANALYZER_NONNULL = YES;
				CLANG_ANALYZER_NUMBER_OBJECT_CONVERSION = YES_AGGRESSIVE;
				CLANG_CXX_LANGUAGE_STANDARD = "gnu++14";
				CLANG_CXX_LIBRARY = "libc++";
				CLANG_ENABLE_MODULES = YES;
				CLANG_ENABLE_OBJC_ARC = YES;
				CLANG_ENABLE_OBJC_WEAK = YES;
				CLANG_WARN_BLOCK_CAPTURE_AUTORELEASING = YES;
				CLANG_WARN_BOOL_CONVERSION = YES;
				CLANG_WARN_COMMA = YES;
				CLANG_WARN_CONSTANT_CONVERSION = YES;
				CLANG_WARN_DEPRECATED_OBJC_IMPLEMENTATIONS = YES;
				CLANG_WARN_DIRECT_OBJC_ISA_USAGE = YES_ERROR;
				CLANG_WARN_DOCUMENTATION_COMMENTS = YES;
				CLANG_WARN_EMPTY_BODY = YES;
				CLANG_WARN_ENUM_CONVERSION = YES;
				CLANG_WARN_INFINITE_RECURSION = YES;
				CLANG_WARN_INT_CONVERSION = YES;
				CLANG_WARN_NON_LITERAL_NULL_CONVERSION = YES;
				CLANG_WARN_OBJC_IMPLICIT_RETAIN_SELF = YES;
				CLANG_WARN_OBJC_LITERAL_CONVERSION = YES;
				CLANG_WARN_OBJC_ROOT_CLASS = YES_ERROR;
				CLANG_WARN_RANGE_LOOP_ANALYSIS = YES;
				CLANG_WARN_STRICT_PROTOTYPES = YES;
				CLANG_WARN_SUSPICIOUS_MOVE = YES;
				CLANG_WARN_UNGUARDED_AVAILABILITY = YES_AGGRESSIVE;
				CLANG_WARN_UNREACHABLE_CODE = YES;
				CLANG_WARN__DUPLICATE_METHOD_MATCH = YES;
				COPY_PHASE_STRIP = NO;
				DEBUG_INFORMATION_FORMAT = dwarf;
				ENABLE_STRICT_OBJC_MSGSEND = YES;
				ENABLE_TESTABILITY = YES;
				GCC_C_LANGUAGE_STANDARD = gnu11;
				GCC_DYNAMIC_NO_PIC = NO;
				GCC_NO_COMMON_BLOCKS = YES;
				GCC_OPTIMIZATION_LEVEL = 0;
				GCC_PREPROCESSOR_DEFINITIONS = (
					"DEBUG=1",
					"$(inherited)",
				);
				GCC_WARN_64_TO_32_BIT_CONVERSION = YES;
				GCC_WARN_ABOUT_RETURN_TYPE = YES_ERROR;
				GCC_WARN_UNDECLARED_SELECTOR = YES;
				GCC_WARN_UNINITIALIZED_AUTOS = YES_AGGRESSIVE;
				GCC_WARN_UNUSED_FUNCTION = YES;
				GCC_WARN_UNUSED_VARIABLE = YES;
				MACOSX_DEPLOYMENT_TARGET = 10.15;
				MTL_ENABLE_DEBUG_INFO = INCLUDE_SOURCE;
				MTL_FAST_MATH = YES;
				ONLY_ACTIVE_ARCH = YES;
				SDKROOT = macosx;
				SWIFT_ACTIVE_COMPILATION_CONDITIONS = DEBUG;
				SWIFT_OPTIMIZATION_LEVEL = "-Onone";
			};
			name = Debug;
		};
		4212D5752480EF7800E6D7FC /* Release */ = {
			isa = XCBuildConfiguration;
			buildSettings = {
				ALWAYS_SEARCH_USER_PATHS = NO;
				CLANG_ANALYZER_NONNULL = YES;
				CLANG_ANALYZER_NUMBER_OBJECT_CONVERSION = YES_AGGRESSIVE;
				CLANG_CXX_LANGUAGE_STANDARD = "gnu++14";
				CLANG_CXX_LIBRARY = "libc++";
				CLANG_ENABLE_MODULES = YES;
				CLANG_ENABLE_OBJC_ARC = YES;
				CLANG_ENABLE_OBJC_WEAK = YES;
				CLANG_WARN_BLOCK_CAPTURE_AUTORELEASING = YES;
				CLANG_WARN_BOOL_CONVERSION = YES;
				CLANG_WARN_COMMA = YES;
				CLANG_WARN_CONSTANT_CONVERSION = YES;
				CLANG_WARN_DEPRECATED_OBJC_IMPLEMENTATIONS = YES;
				CLANG_WARN_DIRECT_OBJC_ISA_USAGE = YES_ERROR;
				CLANG_WARN_DOCUMENTATION_COMMENTS = YES;
				CLANG_WARN_EMPTY_BODY = YES;
				CLANG_WARN_ENUM_CONVERSION = YES;
				CLANG_WARN_INFINITE_RECURSION = YES;
				CLANG_WARN_INT_CONVERSION = YES;
				CLANG_WARN_NON_LITERAL_NULL_CONVERSION = YES;
				CLANG_WARN_OBJC_IMPLICIT_RETAIN_SELF = YES;
				CLANG_WARN_OBJC_LITERAL_CONVERSION = YES;
				CLANG_WARN_OBJC_ROOT_CLASS = YES_ERROR;
				CLANG_WARN_RANGE_LOOP_ANALYSIS = YES;
				CLANG_WARN_STRICT_PROTOTYPES = YES;
				CLANG_WARN_SUSPICIOUS_MOVE = YES;
				CLANG_WARN_UNGUARDED_AVAILABILITY = YES_AGGRESSIVE;
				CLANG_WARN_UNREACHABLE_CODE = YES;
				CLANG_WARN__DUPLICATE_METHOD_MATCH = YES;
				COPY_PHASE_STRIP = NO;
				DEBUG_INFORMATION_FORMAT = "dwarf-with-dsym";
				ENABLE_NS_ASSERTIONS = NO;
				ENABLE_STRICT_OBJC_MSGSEND = YES;
				GCC_C_LANGUAGE_STANDARD = gnu11;
				GCC_NO_COMMON_BLOCKS = YES;
				GCC_WARN_64_TO_32_BIT_CONVERSION = YES;
				GCC_WARN_ABOUT_RETURN_TYPE = YES_ERROR;
				GCC_WARN_UNDECLARED_SELECTOR = YES;
				GCC_WARN_UNINITIALIZED_AUTOS = YES_AGGRESSIVE;
				GCC_WARN_UNUSED_FUNCTION = YES;
				GCC_WARN_UNUSED_VARIABLE = YES;
				MACOSX_DEPLOYMENT_TARGET = 10.15;
				MTL_ENABLE_DEBUG_INFO = NO;
				MTL_FAST_MATH = YES;
				SDKROOT = macosx;
				SWIFT_COMPILATION_MODE = wholemodule;
				SWIFT_OPTIMIZATION_LEVEL = "-O";
			};
			name = Release;
		};
		4212D5772480EF7800E6D7FC /* Debug */ = {
			isa = XCBuildConfiguration;
			buildSettings = {
				ASSETCATALOG_COMPILER_APPICON_NAME = AppIcon;
				CODE_SIGN_ENTITLEMENTS = make_window/make_window.entitlements;
				CODE_SIGN_STYLE = Automatic;
				COMBINE_HIDPI_IMAGES = YES;
				INFOPLIST_FILE = make_window/Info.plist;
				LD_RUNPATH_SEARCH_PATHS = (
					"$(inherited)",
					"@executable_path/../Frameworks",
				);
				PRODUCT_BUNDLE_IDENTIFIER = "likelion.make-window";
				PRODUCT_NAME = "$(TARGET_NAME)";
				SWIFT_VERSION = 5.0;
			};
			name = Debug;
		};
		4212D5782480EF7800E6D7FC /* Release */ = {
			isa = XCBuildConfiguration;
			buildSettings = {
				ASSETCATALOG_COMPILER_APPICON_NAME = AppIcon;
				CODE_SIGN_ENTITLEMENTS = make_window/make_window.entitlements;
				CODE_SIGN_STYLE = Automatic;
				COMBINE_HIDPI_IMAGES = YES;
				INFOPLIST_FILE = make_window/Info.plist;
				LD_RUNPATH_SEARCH_PATHS = (
					"$(inherited)",
					"@executable_path/../Frameworks",
				);
				PRODUCT_BUNDLE_IDENTIFIER = "likelion.make-window";
				PRODUCT_NAME = "$(TARGET_NAME)";
				SWIFT_VERSION = 5.0;
			};
			name = Release;
		};
		4212D57A2480EF7800E6D7FC /* Debug */ = {
			isa = XCBuildConfiguration;
			buildSettings = {
				ALWAYS_EMBED_SWIFT_STANDARD_LIBRARIES = YES;
				BUNDLE_LOADER = "$(TEST_HOST)";
				CODE_SIGN_STYLE = Automatic;
				COMBINE_HIDPI_IMAGES = YES;
				INFOPLIST_FILE = make_windowTests/Info.plist;
				LD_RUNPATH_SEARCH_PATHS = (
					"$(inherited)",
					"@executable_path/../Frameworks",
					"@loader_path/../Frameworks",
				);
				MACOSX_DEPLOYMENT_TARGET = 10.15;
				PRODUCT_BUNDLE_IDENTIFIER = "likelion.make-windowTests";
				PRODUCT_NAME = "$(TARGET_NAME)";
				SWIFT_VERSION = 5.0;
				TEST_HOST = "$(BUILT_PRODUCTS_DIR)/make_window.app/Contents/MacOS/make_window";
			};
			name = Debug;
		};
		4212D57B2480EF7800E6D7FC /* Release */ = {
			isa = XCBuildConfiguration;
			buildSettings = {
				ALWAYS_EMBED_SWIFT_STANDARD_LIBRARIES = YES;
				BUNDLE_LOADER = "$(TEST_HOST)";
				CODE_SIGN_STYLE = Automatic;
				COMBINE_HIDPI_IMAGES = YES;
				INFOPLIST_FILE = make_windowTests/Info.plist;
				LD_RUNPATH_SEARCH_PATHS = (
					"$(inherited)",
					"@executable_path/../Frameworks",
					"@loader_path/../Frameworks",
				);
				MACOSX_DEPLOYMENT_TARGET = 10.15;
				PRODUCT_BUNDLE_IDENTIFIER = "likelion.make-windowTests";
				PRODUCT_NAME = "$(TARGET_NAME)";
				SWIFT_VERSION = 5.0;
				TEST_HOST = "$(BUILT_PRODUCTS_DIR)/make_window.app/Contents/MacOS/make_window";
			};
			name = Release;
		};
		4212D57D2480EF7800E6D7FC /* Debug */ = {
			isa = XCBuildConfiguration;
			buildSettings = {
				ALWAYS_EMBED_SWIFT_STANDARD_LIBRARIES = YES;
				CODE_SIGN_STYLE = Automatic;
				COMBINE_HIDPI_IMAGES = YES;
				INFOPLIST_FILE = make_windowUITests/Info.plist;
				LD_RUNPATH_SEARCH_PATHS = (
					"$(inherited)",
					"@executable_path/../Frameworks",
					"@loader_path/../Frameworks",
				);
				PRODUCT_BUNDLE_IDENTIFIER = "likelion.make-windowUITests";
				PRODUCT_NAME = "$(TARGET_NAME)";
				SWIFT_VERSION = 5.0;
				TEST_TARGET_NAME = make_window;
			};
			name = Debug;
		};
		4212D57E2480EF7800E6D7FC /* Release */ = {
			isa = XCBuildConfiguration;
			buildSettings = {
				ALWAYS_EMBED_SWIFT_STANDARD_LIBRARIES = YES;
				CODE_SIGN_STYLE = Automatic;
				COMBINE_HIDPI_IMAGES = YES;
				INFOPLIST_FILE = make_windowUITests/Info.plist;
				LD_RUNPATH_SEARCH_PATHS = (
					"$(inherited)",
					"@executable_path/../Frameworks",
					"@loader_path/../Frameworks",
				);
				PRODUCT_BUNDLE_IDENTIFIER = "likelion.make-windowUITests";
				PRODUCT_NAME = "$(TARGET_NAME)";
				SWIFT_VERSION = 5.0;
				TEST_TARGET_NAME = make_window;
			};
			name = Release;
		};
/* End XCBuildConfiguration section */

/* Begin XCConfigurationList section */
		4212D54B2480EF7600E6D7FC /* Build configuration list for PBXProject "make_window" */ = {
			isa = XCConfigurationList;
			buildConfigurations = (
				4212D5742480EF7800E6D7FC /* Debug */,
				4212D5752480EF7800E6D7FC /* Release */,
			);
			defaultConfigurationIsVisible = 0;
			defaultConfigurationName = Release;
		};
		4212D5762480EF7800E6D7FC /* Build configuration list for PBXNativeTarget "make_window" */ = {
			isa = XCConfigurationList;
			buildConfigurations = (
				4212D5772480EF7800E6D7FC /* Debug */,
				4212D5782480EF7800E6D7FC /* Release */,
			);
			defaultConfigurationIsVisible = 0;
			defaultConfigurationName = Release;
		};
		4212D5792480EF7800E6D7FC /* Build configuration list for PBXNativeTarget "make_windowTests" */ = {
			isa = XCConfigurationList;
			buildConfigurations = (
				4212D57A2480EF7800E6D7FC /* Debug */,
				4212D57B2480EF7800E6D7FC /* Release */,
			);
			defaultConfigurationIsVisible = 0;
			defaultConfigurationName = Release;
		};
		4212D57C2480EF7800E6D7FC /* Build configuration list for PBXNativeTarget "make_windowUITests" */ = {
			isa = XCConfigurationList;
			buildConfigurations = (
				4212D57D2480EF7800E6D7FC /* Debug */,
				4212D57E2480EF7800E6D7FC /* Release */,
			);
			defaultConfigurationIsVisible = 0;
			defaultConfigurationName = Release;
		};
/* End XCConfigurationList section */
	};
	rootObject = 4212D5482480EF7600E6D7FC /* Project object */;
}
